
Microsoft Visual Studio Solution File, Format Version 12.00
# Visual Studio Version 17
VisualStudioVersion = 17.1.32319.34
MinimumVisualStudioVersion = 10.0.40219.1
Project("{8BC9CEB8-8B4A-11D0-8D11-00A0C91BC942}") = "ex-33_visualStudio", "ex-33_visualStudio.vcxproj", "{FE297434-72B8-43AD-919B-ABE0CD8791FF}"
EndProject
Global
	GlobalSection(SolutionConfigurationPlatforms) = preSolution
		Debug|x64 = Debug|x64
		Debug|x86 = Debug|x86
		Release|x64 = Release|x64
		Release|x86 = Release|x86
	EndGlobalSection
	GlobalSection(ProjectConfigurationPlatforms) = postSolution
		{FE297434-72B8-43AD-919B-ABE0CD8791FF}.Debug|x64.ActiveCfg = Debug|x64
		{FE297434-72B8-43AD-919B-ABE0CD8791FF}.Debug|x64.Build.0 = Debug|x64
		{FE297434-72B8-43AD-919B-ABE0CD8791FF}.Debug|x86.ActiveCfg = Debug|Win32
		{FE297434-72B8-43AD-919B-ABE0CD8791FF}.Debug|x86.Build.0 = Debug|Win32
		{FE297434-72B8-43AD-919B-ABE0CD8791FF}.Release|x64.ActiveCfg = Release|x64
		{FE297434-72B8-43AD-919B-ABE0CD8791FF}.Release|x64.Build.0 = Release|x64
		{FE297434-72B8-43AD-919B-ABE0CD8791FF}.Release|x86.ActiveCfg = Release|Win32
		{FE297434-72B8-43AD-919B-ABE0CD8791FF}.Release|x86.Build.0 = Release|Win32
	EndGlobalSection
	GlobalSection(SolutionProperties) = preSolution
		HideSolutionNode = FALSE
	EndGlobalSection
	GlobalSection(ExtensibilityGlobals) = postSolution
		SolutionGuid = {C05DFFDF-4B5F-41A2-862F-9AD66127493D}
	EndGlobalSection
EndGlobal
